
Microsoft Visual Studio Solution File, Format Version 12.00
# Visual Studio Version 17
VisualStudioVersion = 17.8.34309.116
MinimumVisualStudioVersion = 10.0.40219.1
Project("{9A19103F-16F7-4668-BE54-9A1E7A4F7556}") = "Rogue", "Rogue\Rogue.csproj", "{7B222123-FD98-45FA-9886-F4778D107F3A}"
EndProject
Project("{9A19103F-16F7-4668-BE54-9A1E7A4F7556}") = "TurboMapReader", "..\..\rogue\TurboMapReader-main\TurboMapReader-main\TurboMapReader.csproj", "{6B191B1D-D8C5-4104-846F-74150B42BD2A}"
EndProject
Global
	GlobalSection(SolutionConfigurationPlatforms) = preSolution
		Debug|Any CPU = Debug|Any CPU
		Release|Any CPU = Release|Any CPU
	EndGlobalSection
	GlobalSection(ProjectConfigurationPlatforms) = postSolution
		{7B222123-FD98-45FA-9886-F4778D107F3A}.Debug|Any CPU.ActiveCfg = Debug|Any CPU
		{7B222123-FD98-45FA-9886-F4778D107F3A}.Debug|Any CPU.Build.0 = Debug|Any CPU
		{7B222123-FD98-45FA-9886-F4778D107F3A}.Release|Any CPU.ActiveCfg = Release|Any CPU
		{7B222123-FD98-45FA-9886-F4778D107F3A}.Release|Any CPU.Build.0 = Release|Any CPU
		{6B191B1D-D8C5-4104-846F-74150B42BD2A}.Debug|Any CPU.ActiveCfg = Debug|Any CPU
		{6B191B1D-D8C5-4104-846F-74150B42BD2A}.Debug|Any CPU.Build.0 = Debug|Any CPU
		{6B191B1D-D8C5-4104-846F-74150B42BD2A}.Release|Any CPU.ActiveCfg = Release|Any CPU
		{6B191B1D-D8C5-4104-846F-74150B42BD2A}.Release|Any CPU.Build.0 = Release|Any CPU
	EndGlobalSection
	GlobalSection(SolutionProperties) = preSolution
		HideSolutionNode = FALSE
	EndGlobalSection
	GlobalSection(ExtensibilityGlobals) = postSolution
		SolutionGuid = {5659AD9E-8D51-45A9-A297-3AA318DD393F}
	EndGlobalSection
EndGlobal
